{
  "requires": true,
  "lockfileVersion": 1,
  "dependencies": {
    "@vant/area-data": {
      "version": "1.1.1",
      "resolved": "https://registry.npmjs.org/@vant/area-data/-/area-data-1.1.1.tgz",
      "integrity": "sha512-MmXTuSh6YYWSvC112iK2/rZhEfe+3vfh6G9TD1sOTOrtw+H9bAnw8ZOiHdkL6hTUCXV+AJEDbFyFsNLpJxqkoA=="
    },
    "@vant/weapp": {
      "version": "1.8.3",
      "resolved": "https://registry.npmjs.org/@vant/weapp/-/weapp-1.8.3.tgz",
      "integrity": "sha512-hePGNEfRbyEw9bIz6GXIkgxHM3xlfFL0MtNmLv7gGqAvyF/s4H1t6v1l9kfhXXBU+7ac7SUufbJ5r38dVSl8vA=="
    },
    "gcoord": {
      "version": "0.3.2",
      "resolved": "https://registry.npmjs.org/gcoord/-/gcoord-0.3.2.tgz",
      "integrity": "sha512-LwhA+ev6fBXadAFprI+Q593TTC1QYa0Quewd3YUT51wQS2S6gekrC1YCQlJhKA8HpqCF+dX+fBcX/lkYM5Kgog=="
    },
    "moment": {
      "version": "2.29.1",
      "resolved": "https://registry.npmjs.org/moment/-/moment-2.29.1.tgz",
      "integrity": "sha512-kHmoybcPV8Sqy59DwNDY3Jefr64lK/by/da0ViFcuA4DH0vQg5Q6Ze5VimxkfQNSC+Mls/Kx53s7TjP1RhFEDQ=="
    }
  }
}
